
Microsoft Visual Studio Solution File, Format Version 12.00
# Visual Studio Version 16
VisualStudioVersion = 16.0.30503.244
MinimumVisualStudioVersion = 10.0.40219.1
Project("{9A19103F-16F7-4668-BE54-9A1E7A4F7556}") = "CoreApiSample", "CoreApiSample.csproj", "{2D4C537A-2638-493A-8E8C-FAB02A2583B1}"
EndProject
Project("{9A19103F-16F7-4668-BE54-9A1E7A4F7556}") = "IzendaBoundary", "..\IzendaBoundary\IzendaBoundary.csproj", "{36A16781-EC31-491A-B2E6-21D8AFA5A683}"
EndProject
Global
	GlobalSection(SolutionConfigurationPlatforms) = preSolution
		Debug|Any CPU = Debug|Any CPU
		Release|Any CPU = Release|Any CPU
	EndGlobalSection
	GlobalSection(ProjectConfigurationPlatforms) = postSolution
		{36A16781-EC31-491A-B2E6-21D8AFA5A683}.Debug|Any CPU.ActiveCfg = Debug|Any CPU
		{36A16781-EC31-491A-B2E6-21D8AFA5A683}.Debug|Any CPU.Build.0 = Debug|Any CPU
		{36A16781-EC31-491A-B2E6-21D8AFA5A683}.Release|Any CPU.ActiveCfg = Release|Any CPU
		{36A16781-EC31-491A-B2E6-21D8AFA5A683}.Release|Any CPU.Build.0 = Release|Any CPU
		{2D4C537A-2638-493A-8E8C-FAB02A2583B1}.Debug|Any CPU.ActiveCfg = Debug|Any CPU
		{2D4C537A-2638-493A-8E8C-FAB02A2583B1}.Debug|Any CPU.Build.0 = Debug|Any CPU
		{2D4C537A-2638-493A-8E8C-FAB02A2583B1}.Release|Any CPU.ActiveCfg = Release|Any CPU
		{2D4C537A-2638-493A-8E8C-FAB02A2583B1}.Release|Any CPU.Build.0 = Release|Any CPU
	EndGlobalSection
	GlobalSection(SolutionProperties) = preSolution
		HideSolutionNode = FALSE
	EndGlobalSection
	GlobalSection(ExtensibilityGlobals) = postSolution
		SolutionGuid = {E3FF58E2-C984-4102-8807-36C69B0D1192}
	EndGlobalSection
EndGlobal
