
Microsoft Visual Studio Solution File, Format Version 12.00
# Visual Studio Version 16
VisualStudioVersion = 16.0.30503.244
MinimumVisualStudioVersion = 10.0.40219.1
Project("{9A19103F-16F7-4668-BE54-9A1E7A4F7556}") = "Core2.2ApiSample", "Core2.2ApiSample.csproj", "{C3640B8F-FD4D-4A01-96A4-02EBEDA2F7AC}"
EndProject
Project("{9A19103F-16F7-4668-BE54-9A1E7A4F7556}") = "IzendaBoundary2.2", "..\..\IzendaBoundary\IzendaBoundaryCore2.2\IzendaBoundary2.2.csproj", "{6C965F0B-3397-4B7E-8702-758E7921F133}"
EndProject
Global
	GlobalSection(SolutionConfigurationPlatforms) = preSolution
		Debug|Any CPU = Debug|Any CPU
		Release|Any CPU = Release|Any CPU
	EndGlobalSection
	GlobalSection(ProjectConfigurationPlatforms) = postSolution
		{C3640B8F-FD4D-4A01-96A4-02EBEDA2F7AC}.Debug|Any CPU.ActiveCfg = Debug|Any CPU
		{C3640B8F-FD4D-4A01-96A4-02EBEDA2F7AC}.Debug|Any CPU.Build.0 = Debug|Any CPU
		{C3640B8F-FD4D-4A01-96A4-02EBEDA2F7AC}.Release|Any CPU.ActiveCfg = Release|Any CPU
		{C3640B8F-FD4D-4A01-96A4-02EBEDA2F7AC}.Release|Any CPU.Build.0 = Release|Any CPU
		{6C965F0B-3397-4B7E-8702-758E7921F133}.Debug|Any CPU.ActiveCfg = Debug|Any CPU
		{6C965F0B-3397-4B7E-8702-758E7921F133}.Debug|Any CPU.Build.0 = Debug|Any CPU
		{6C965F0B-3397-4B7E-8702-758E7921F133}.Release|Any CPU.ActiveCfg = Release|Any CPU
		{6C965F0B-3397-4B7E-8702-758E7921F133}.Release|Any CPU.Build.0 = Release|Any CPU
	EndGlobalSection
	GlobalSection(SolutionProperties) = preSolution
		HideSolutionNode = FALSE
	EndGlobalSection
	GlobalSection(ExtensibilityGlobals) = postSolution
		SolutionGuid = {E3FF58E2-C984-4102-8807-36C69B0D1192}
	EndGlobalSection
EndGlobal
